// !$*UTF8*$!
{
	archiveVersion = 1;
	classes = {
	};
	objectVersion = 50;
	objects = {

/* Begin PBXBuildFile section */
		01D3F95A20CD089E00130111 /* AppDelegate.swift in Sources */ = {isa = PBXBuildFile; fileRef = 01D3F95920CD089E00130111 /* AppDelegate.swift */; };
		01D3F95C20CD089E00130111 /* ViewController.swift in Sources */ = {isa = PBXBuildFile; fileRef = 01D3F95B20CD089E00130111 /* ViewController.swift */; };
		01D3F95F20CD089E00130111 /* Main.storyboard in Resources */ = {isa = PBXBuildFile; fileRef = 01D3F95D20CD089E00130111 /* Main.storyboard */; };
		01D3F96120CD08A000130111 /* Assets.xcassets in Resources */ = {isa = PBXBuildFile; fileRef = 01D3F96020CD08A000130111 /* Assets.xcassets */; };
		01D3F96420CD08A000130111 /* LaunchScreen.storyboard in Resources */ = {isa = PBXBuildFile; fileRef = 01D3F96220CD08A000130111 /* LaunchScreen.storyboard */; };
		01D3F96F20CD08A000130111 /* MLKitDemoTests.swift in Sources */ = {isa = PBXBuildFile; fileRef = 01D3F96E20CD08A000130111 /* MLKitDemoTests.swift */; };
		01D3F97F20CD106000130111 /* CarRecognition.mlmodel in Sources */ = {isa = PBXBuildFile; fileRef = 01D3F97E20CD106000130111 /* CarRecognition.mlmodel */; };
		01D3F98220CD107D00130111 /* Nudity.mlmodel in Sources */ = {isa = PBXBuildFile; fileRef = 01D3F98120CD107D00130111 /* Nudity.mlmodel */; };
/* End PBXBuildFile section */

/* Begin PBXContainerItemProxy section */
		01D3F96B20CD08A000130111 /* PBXContainerItemProxy */ = {
			isa = PBXContainerItemProxy;
			containerPortal = 01D3F94E20CD089E00130111 /* Project object */;
			proxyType = 1;
			remoteGlobalIDString = 01D3F95520CD089E00130111;
			remoteInfo = MLKitDemo;
		};
/* End PBXContainerItemProxy section */

/* Begin PBXFileReference section */
		01D3F95620CD089E00130111 /* MLKitDemo.app */ = {isa = PBXFileReference; explicitFileType = wrapper.application; includeInIndex = 0; path = MLKitDemo.app; sourceTree = BUILT_PRODUCTS_DIR; };
		01D3F95920CD089E00130111 /* AppDelegate.swift */ = {isa = PBXFileReference; lastKnownFileType = sourcecode.swift; path = AppDelegate.swift; sourceTree = "<group>"; };
		01D3F95B20CD089E00130111 /* ViewController.swift */ = {isa = PBXFileReference; lastKnownFileType = sourcecode.swift; path = ViewController.swift; sourceTree = "<group>"; };
		01D3F95E20CD089E00130111 /* Base */ = {isa = PBXFileReference; lastKnownFileType = file.storyboard; name = Base; path = Base.lproj/Main.storyboard; sourceTree = "<group>"; };
		01D3F96020CD08A000130111 /* Assets.xcassets */ = {isa = PBXFileReference; lastKnownFileType = folder.assetcatalog; path = Assets.xcassets; sourceTree = "<group>"; };
		01D3F96320CD08A000130111 /* Base */ = {isa = PBXFileReference; lastKnownFileType = file.storyboard; name = Base; path = Base.lproj/LaunchScreen.storyboard; sourceTree = "<group>"; };
		01D3F96520CD08A000130111 /* Info.plist */ = {isa = PBXFileReference; lastKnownFileType = text.plist.xml; path = Info.plist; sourceTree = "<group>"; };
		01D3F96A20CD08A000130111 /* MLKitDemoTests.xctest */ = {isa = PBXFileReference; explicitFileType = wrapper.cfbundle; includeInIndex = 0; path = MLKitDemoTests.xctest; sourceTree = BUILT_PRODUCTS_DIR; };
		01D3F96E20CD08A000130111 /* MLKitDemoTests.swift */ = {isa = PBXFileReference; lastKnownFileType = sourcecode.swift; path = MLKitDemoTests.swift; sourceTree = "<group>"; };
		01D3F97020CD08A000130111 /* Info.plist */ = {isa = PBXFileReference; lastKnownFileType = text.plist.xml; path = Info.plist; sourceTree = "<group>"; };
		01D3F97E20CD106000130111 /* CarRecognition.mlmodel */ = {isa = PBXFileReference; lastKnownFileType = file.mlmodel; path = CarRecognition.mlmodel; sourceTree = "<group>"; };
		01D3F98120CD107D00130111 /* Nudity.mlmodel */ = {isa = PBXFileReference; lastKnownFileType = file.mlmodel; path = Nudity.mlmodel; sourceTree = "<group>"; };
/* End PBXFileReference section */

/* Begin PBXFrameworksBuildPhase section */
		01D3F95320CD089E00130111 /* Frameworks */ = {
			isa = PBXFrameworksBuildPhase;
			buildActionMask = 2147483647;
			files = (
			);
			runOnlyForDeploymentPostprocessing = 0;
		};
		01D3F96720CD08A000130111 /* Frameworks */ = {
			isa = PBXFrameworksBuildPhase;
			buildActionMask = 2147483647;
			files = (
			);
			runOnlyForDeploymentPostprocessing = 0;
		};
/* End PBXFrameworksBuildPhase section */

/* Begin PBXGroup section */
		01D3F94D20CD089E00130111 = {
			isa = PBXGroup;
			children = (
				01D3F95820CD089E00130111 /* MLKitDemo */,
				01D3F96D20CD08A000130111 /* MLKitDemoTests */,
				01D3F95720CD089E00130111 /* Products */,
			);
			sourceTree = "<group>";
		};
		01D3F95720CD089E00130111 /* Products */ = {
			isa = PBXGroup;
			children = (
				01D3F95620CD089E00130111 /* MLKitDemo.app */,
				01D3F96A20CD08A000130111 /* MLKitDemoTests.xctest */,
			);
			name = Products;
			sourceTree = "<group>";
		};
		01D3F95820CD089E00130111 /* MLKitDemo */ = {
			isa = PBXGroup;
			children = (
				01D3F95920CD089E00130111 /* AppDelegate.swift */,
				01D3F95B20CD089E00130111 /* ViewController.swift */,
				01D3F97C20CD0FED00130111 /* Models */,
				01D3F95D20CD089E00130111 /* Main.storyboard */,
				01D3F96020CD08A000130111 /* Assets.xcassets */,
				01D3F96220CD08A000130111 /* LaunchScreen.storyboard */,
				01D3F96520CD08A000130111 /* Info.plist */,
			);
			path = MLKitDemo;
			sourceTree = "<group>";
		};
		01D3F96D20CD08A000130111 /* MLKitDemoTests */ = {
			isa = PBXGroup;
			children = (
				01D3F96E20CD08A000130111 /* MLKitDemoTests.swift */,
				01D3F97020CD08A000130111 /* Info.plist */,
			);
			path = MLKitDemoTests;
			sourceTree = "<group>";
		};
		01D3F97C20CD0FED00130111 /* Models */ = {
			isa = PBXGroup;
			children = (
				01D3F98020CD106700130111 /* Nudity */,
				01D3F97D20CD101A00130111 /* CarRecognition */,
			);
			path = Models;
			sourceTree = "<group>";
		};
		01D3F97D20CD101A00130111 /* CarRecognition */ = {
			isa = PBXGroup;
			children = (
				01D3F97E20CD106000130111 /* CarRecognition.mlmodel */,
			);
			name = CarRecognition;
			path = CarRecognitionModel;
			sourceTree = "<group>";
		};
		01D3F98020CD106700130111 /* Nudity */ = {
			isa = PBXGroup;
			children = (
				01D3F98120CD107D00130111 /* Nudity.mlmodel */,
			);
			name = Nudity;
			path = NudityModel;
			sourceTree = "<group>";
		};
/* End PBXGroup section */

/* Begin PBXNativeTarget section */
		01D3F95520CD089E00130111 /* MLKitDemo */ = {
			isa = PBXNativeTarget;
			buildConfigurationList = 01D3F97320CD08A000130111 /* Build configuration list for PBXNativeTarget "MLKitDemo" */;
			buildPhases = (
				01D3F95220CD089E00130111 /* Sources */,
				01D3F95320CD089E00130111 /* Frameworks */,
				01D3F95420CD089E00130111 /* Resources */,
			);
			buildRules = (
			);
			dependencies = (
			);
			name = MLKitDemo;
			productName = MLKitDemo;
			productReference = 01D3F95620CD089E00130111 /* MLKitDemo.app */;
			productType = "com.apple.product-type.application";
		};
		01D3F96920CD08A000130111 /* MLKitDemoTests */ = {
			isa = PBXNativeTarget;
			buildConfigurationList = 01D3F97620CD08A000130111 /* Build configuration list for PBXNativeTarget "MLKitDemoTests" */;
			buildPhases = (
				01D3F96620CD08A000130111 /* Sources */,
				01D3F96720CD08A000130111 /* Frameworks */,
				01D3F96820CD08A000130111 /* Resources */,
			);
			buildRules = (
			);
			dependencies = (
				01D3F96C20CD08A000130111 /* PBXTargetDependency */,
			);
			name = MLKitDemoTests;
			productName = MLKitDemoTests;
			productReference = 01D3F96A20CD08A000130111 /* MLKitDemoTests.xctest */;
			productType = "com.apple.product-type.bundle.unit-test";
		};
/* End PBXNativeTarget section */

/* Begin PBXProject section */
		01D3F94E20CD089E00130111 /* Project object */ = {
			isa = PBXProject;
			attributes = {
				LastSwiftUpdateCheck = 0940;
				LastUpgradeCheck = 0940;
				ORGANIZATIONNAME = best;
				TargetAttributes = {
					01D3F95520CD089E00130111 = {
						CreatedOnToolsVersion = 9.4;
					};
					01D3F96920CD08A000130111 = {
						CreatedOnToolsVersion = 9.4;
						TestTargetID = 01D3F95520CD089E00130111;
					};
				};
			};
			buildConfigurationList = 01D3F95120CD089E00130111 /* Build configuration list for PBXProject "MLKitDemo" */;
			compatibilityVersion = "Xcode 9.3";
			developmentRegion = en;
			hasScannedForEncodings = 0;
			knownRegions = (
				en,
				Base,
			);
			mainGroup = 01D3F94D20CD089E00130111;
			productRefGroup = 01D3F95720CD089E00130111 /* Products */;
			projectDirPath = "";
			projectRoot = "";
			targets = (
				01D3F95520CD089E00130111 /* MLKitDemo */,
				01D3F96920CD08A000130111 /* MLKitDemoTests */,
			);
		};
/* End PBXProject section */

/* Begin PBXResourcesBuildPhase section */
		01D3F95420CD089E00130111 /* Resources */ = {
			isa = PBXResourcesBuildPhase;
			buildActionMask = 2147483647;
			files = (
				01D3F96420CD08A000130111 /* LaunchScreen.storyboard in Resources */,
				01D3F96120CD08A000130111 /* Assets.xcassets in Resources */,
				01D3F95F20CD089E00130111 /* Main.storyboard in Resources */,
			);
			runOnlyForDeploymentPostprocessing = 0;
		};
		01D3F96820CD08A000130111 /* Resources */ = {
			isa = PBXResourcesBuildPhase;
			buildActionMask = 2147483647;
			files = (
			);
			runOnlyForDeploymentPostprocessing = 0;
		};
/* End PBXResourcesBuildPhase section */

/* Begin PBXSourcesBuildPhase section */
		01D3F95220CD089E00130111 /* Sources */ = {
			isa = PBXSourcesBuildPhase;
			buildActionMask = 2147483647;
			files = (
				01D3F95C20CD089E00130111 /* ViewController.swift in Sources */,
				01D3F95A20CD089E00130111 /* AppDelegate.swift in Sources */,
				01D3F97F20CD106000130111 /* CarRecognition.mlmodel in Sources */,
				01D3F98220CD107D00130111 /* Nudity.mlmodel in Sources */,
			);
			runOnlyForDeploymentPostprocessing = 0;
		};
		01D3F96620CD08A000130111 /* Sources */ = {
			isa = PBXSourcesBuildPhase;
			buildActionMask = 2147483647;
			files = (
				01D3F96F20CD08A000130111 /* MLKitDemoTests.swift in Sources */,
			);
			runOnlyForDeploymentPostprocessing = 0;
		};
/* End PBXSourcesBuildPhase section */

/* Begin PBXTargetDependency section */
		01D3F96C20CD08A000130111 /* PBXTargetDependency */ = {
			isa = PBXTargetDependency;
			target = 01D3F95520CD089E00130111 /* MLKitDemo */;
			targetProxy = 01D3F96B20CD08A000130111 /* PBXContainerItemProxy */;
		};
/* End PBXTargetDependency section */

/* Begin PBXVariantGroup section */
		01D3F95D20CD089E00130111 /* Main.storyboard */ = {
			isa = PBXVariantGroup;
			children = (
				01D3F95E20CD089E00130111 /* Base */,
			);
			name = Main.storyboard;
			sourceTree = "<group>";
		};
		01D3F96220CD08A000130111 /* LaunchScreen.storyboard */ = {
			isa = PBXVariantGroup;
			children = (
				01D3F96320CD08A000130111 /* Base */,
			);
			name = LaunchScreen.storyboard;
			sourceTree = "<group>";
		};
/* End PBXVariantGroup section */

/* Begin XCBuildConfiguration section */
		01D3F97120CD08A000130111 /* Debug */ = {
			isa = XCBuildConfiguration;
			buildSettings = {
				ALWAYS_SEARCH_USER_PATHS = NO;
				CLANG_ANALYZER_NONNULL = YES;
				CLANG_ANALYZER_NUMBER_OBJECT_CONVERSION = YES_AGGRESSIVE;
				CLANG_CXX_LANGUAGE_STANDARD = "gnu++14";
				CLANG_CXX_LIBRARY = "libc++";
				CLANG_ENABLE_MODULES = YES;
				CLANG_ENABLE_OBJC_ARC = YES;
				CLANG_ENABLE_OBJC_WEAK = YES;
				CLANG_WARN_BLOCK_CAPTURE_AUTORELEASING = YES;
				CLANG_WARN_BOOL_CONVERSION = YES;
				CLANG_WARN_COMMA = YES;
				CLANG_WARN_CONSTANT_CONVERSION = YES;
				CLANG_WARN_DEPRECATED_OBJC_IMPLEMENTATIONS = YES;
				CLANG_WARN_DIRECT_OBJC_ISA_USAGE = YES_ERROR;
				CLANG_WARN_DOCUMENTATION_COMMENTS = YES;
				CLANG_WARN_EMPTY_BODY = YES;
				CLANG_WARN_ENUM_CONVERSION = YES;
				CLANG_WARN_INFINITE_RECURSION = YES;
				CLANG_WARN_INT_CONVERSION = YES;
				CLANG_WARN_NON_LITERAL_NULL_CONVERSION = YES;
				CLANG_WARN_OBJC_IMPLICIT_RETAIN_SELF = YES;
				CLANG_WARN_OBJC_LITERAL_CONVERSION = YES;
				CLANG_WARN_OBJC_ROOT_CLASS = YES_ERROR;
				CLANG_WARN_RANGE_LOOP_ANALYSIS = YES;
				CLANG_WARN_STRICT_PROTOTYPES = YES;
				CLANG_WARN_SUSPICIOUS_MOVE = YES;
				CLANG_WARN_UNGUARDED_AVAILABILITY = YES_AGGRESSIVE;
				CLANG_WARN_UNREACHABLE_CODE = YES;
				CLANG_WARN__DUPLICATE_METHOD_MATCH = YES;
				CODE_SIGN_IDENTITY = "iPhone Developer";
				COPY_PHASE_STRIP = NO;
				DEBUG_INFORMATION_FORMAT = dwarf;
				ENABLE_STRICT_OBJC_MSGSEND = YES;
				ENABLE_TESTABILITY = YES;
				GCC_C_LANGUAGE_STANDARD = gnu11;
				GCC_DYNAMIC_NO_PIC = NO;
				GCC_NO_COMMON_BLOCKS = YES;
				GCC_OPTIMIZATION_LEVEL = 0;
				GCC_PREPROCESSOR_DEFINITIONS = (
					"DEBUG=1",
					"$(inherited)",
				);
				GCC_WARN_64_TO_32_BIT_CONVERSION = YES;
				GCC_WARN_ABOUT_RETURN_TYPE = YES_ERROR;
				GCC_WARN_UNDECLARED_SELECTOR = YES;
				GCC_WARN_UNINITIALIZED_AUTOS = YES_AGGRESSIVE;
				GCC_WARN_UNUSED_FUNCTION = YES;
				GCC_WARN_UNUSED_VARIABLE = YES;
				IPHONEOS_DEPLOYMENT_TARGET = 11.4;
				MTL_ENABLE_DEBUG_INFO = YES;
				ONLY_ACTIVE_ARCH = YES;
				SDKROOT = iphoneos;
				SWIFT_ACTIVE_COMPILATION_CONDITIONS = DEBUG;
				SWIFT_OPTIMIZATION_LEVEL = "-Onone";
			};
			name = Debug;
		};
		01D3F97220CD08A000130111 /* Release */ = {
			isa = XCBuildConfiguration;
			buildSettings = {
				ALWAYS_SEARCH_USER_PATHS = NO;
				CLANG_ANALYZER_NONNULL = YES;
				CLANG_ANALYZER_NUMBER_OBJECT_CONVERSION = YES_AGGRESSIVE;
				CLANG_CXX_LANGUAGE_STANDARD = "gnu++14";
				CLANG_CXX_LIBRARY = "libc++";
				CLANG_ENABLE_MODULES = YES;
				CLANG_ENABLE_OBJC_ARC = YES;
				CLANG_ENABLE_OBJC_WEAK = YES;
				CLANG_WARN_BLOCK_CAPTURE_AUTORELEASING = YES;
				CLANG_WARN_BOOL_CONVERSION = YES;
				CLANG_WARN_COMMA = YES;
				CLANG_WARN_CONSTANT_CONVERSION = YES;
				CLANG_WARN_DEPRECATED_OBJC_IMPLEMENTATIONS = YES;
				CLANG_WARN_DIRECT_OBJC_ISA_USAGE = YES_ERROR;
				CLANG_WARN_DOCUMENTATION_COMMENTS = YES;
				CLANG_WARN_EMPTY_BODY = YES;
				CLANG_WARN_ENUM_CONVERSION = YES;
				CLANG_WARN_INFINITE_RECURSION = YES;
				CLANG_WARN_INT_CONVERSION = YES;
				CLANG_WARN_NON_LITERAL_NULL_CONVERSION = YES;
				CLANG_WARN_OBJC_IMPLICIT_RETAIN_SELF = YES;
				CLANG_WARN_OBJC_LITERAL_CONVERSION = YES;
				CLANG_WARN_OBJC_ROOT_CLASS = YES_ERROR;
				CLANG_WARN_RANGE_LOOP_ANALYSIS = YES;
				CLANG_WARN_STRICT_PROTOTYPES = YES;
				CLANG_WARN_SUSPICIOUS_MOVE = YES;
				CLANG_WARN_UNGUARDED_AVAILABILITY = YES_AGGRESSIVE;
				CLANG_WARN_UNREACHABLE_CODE = YES;
				CLANG_WARN__DUPLICATE_METHOD_MATCH = YES;
				CODE_SIGN_IDENTITY = "iPhone Developer";
				COPY_PHASE_STRIP = NO;
				DEBUG_INFORMATION_FORMAT = "dwarf-with-dsym";
				ENABLE_NS_ASSERTIONS = NO;
				ENABLE_STRICT_OBJC_MSGSEND = YES;
				GCC_C_LANGUAGE_STANDARD = gnu11;
				GCC_NO_COMMON_BLOCKS = YES;
				GCC_WARN_64_TO_32_BIT_CONVERSION = YES;
				GCC_WARN_ABOUT_RETURN_TYPE = YES_ERROR;
				GCC_WARN_UNDECLARED_SELECTOR = YES;
				GCC_WARN_UNINITIALIZED_AUTOS = YES_AGGRESSIVE;
				GCC_WARN_UNUSED_FUNCTION = YES;
				GCC_WARN_UNUSED_VARIABLE = YES;
				IPHONEOS_DEPLOYMENT_TARGET = 11.4;
				MTL_ENABLE_DEBUG_INFO = NO;
				SDKROOT = iphoneos;
				SWIFT_COMPILATION_MODE = wholemodule;
				SWIFT_OPTIMIZATION_LEVEL = "-O";
				VALIDATE_PRODUCT = YES;
			};
			name = Release;
		};
		01D3F97420CD08A000130111 /* Debug */ = {
			isa = XCBuildConfiguration;
			buildSettings = {
				ASSETCATALOG_COMPILER_APPICON_NAME = AppIcon;
				CODE_SIGN_IDENTITY = "iPhone Developer";
				CODE_SIGN_STYLE = Automatic;
				DEVELOPMENT_TEAM = "";
				INFOPLIST_FILE = MLKitDemo/Info.plist;
				LD_RUNPATH_SEARCH_PATHS = (
					"$(inherited)",
					"@executable_path/Frameworks",
				);
				PRODUCT_BUNDLE_IDENTIFIER = com.best.MLKitDemo;
				PRODUCT_NAME = "$(TARGET_NAME)";
				PROVISIONING_PROFILE_SPECIFIER = "";
				SWIFT_VERSION = 4.0;
				TARGETED_DEVICE_FAMILY = "1,2";
			};
			name = Debug;
		};
		01D3F97520CD08A000130111 /* Release */ = {
			isa = XCBuildConfiguration;
			buildSettings = {
				ASSETCATALOG_COMPILER_APPICON_NAME = AppIcon;
				CODE_SIGN_IDENTITY = "iPhone Developer";
				CODE_SIGN_STYLE = Automatic;
				DEVELOPMENT_TEAM = "";
				INFOPLIST_FILE = MLKitDemo/Info.plist;
				LD_RUNPATH_SEARCH_PATHS = (
					"$(inherited)",
					"@executable_path/Frameworks",
				);
				PRODUCT_BUNDLE_IDENTIFIER = com.best.MLKitDemo;
				PRODUCT_NAME = "$(TARGET_NAME)";
				PROVISIONING_PROFILE_SPECIFIER = "";
				SWIFT_VERSION = 4.0;
				TARGETED_DEVICE_FAMILY = "1,2";
			};
			name = Release;
		};
		01D3F97720CD08A000130111 /* Debug */ = {
			isa = XCBuildConfiguration;
			buildSettings = {
				ALWAYS_EMBED_SWIFT_STANDARD_LIBRARIES = YES;
				BUNDLE_LOADER = "$(TEST_HOST)";
				CODE_SIGN_STYLE = Automatic;
				INFOPLIST_FILE = MLKitDemoTests/Info.plist;
				LD_RUNPATH_SEARCH_PATHS = (
					"$(inherited)",
					"@executable_path/Frameworks",
					"@loader_path/Frameworks",
				);
				PRODUCT_BUNDLE_IDENTIFIER = com.best.MLKitDemoTests;
				PRODUCT_NAME = "$(TARGET_NAME)";
				SWIFT_VERSION = 4.0;
				TARGETED_DEVICE_FAMILY = "1,2";
				TEST_HOST = "$(BUILT_PRODUCTS_DIR)/MLKitDemo.app/MLKitDemo";
			};
			name = Debug;
		};
		01D3F97820CD08A000130111 /* Release */ = {
			isa = XCBuildConfiguration;
			buildSettings = {
				ALWAYS_EMBED_SWIFT_STANDARD_LIBRARIES = YES;
				BUNDLE_LOADER = "$(TEST_HOST)";
				CODE_SIGN_STYLE = Automatic;
				INFOPLIST_FILE = MLKitDemoTests/Info.plist;
				LD_RUNPATH_SEARCH_PATHS = (
					"$(inherited)",
					"@executable_path/Frameworks",
					"@loader_path/Frameworks",
				);
				PRODUCT_BUNDLE_IDENTIFIER = com.best.MLKitDemoTests;
				PRODUCT_NAME = "$(TARGET_NAME)";
				SWIFT_VERSION = 4.0;
				TARGETED_DEVICE_FAMILY = "1,2";
				TEST_HOST = "$(BUILT_PRODUCTS_DIR)/MLKitDemo.app/MLKitDemo";
			};
			name = Release;
		};
/* End XCBuildConfiguration section */

/* Begin XCConfigurationList section */
		01D3F95120CD089E00130111 /* Build configuration list for PBXProject "MLKitDemo" */ = {
			isa = XCConfigurationList;
			buildConfigurations = (
				01D3F97120CD08A000130111 /* Debug */,
				01D3F97220CD08A000130111 /* Release */,
			);
			defaultConfigurationIsVisible = 0;
			defaultConfigurationName = Release;
		};
		01D3F97320CD08A000130111 /* Build configuration list for PBXNativeTarget "MLKitDemo" */ = {
			isa = XCConfigurationList;
			buildConfigurations = (
				01D3F97420CD08A000130111 /* Debug */,
				01D3F97520CD08A000130111 /* Release */,
			);
			defaultConfigurationIsVisible = 0;
			defaultConfigurationName = Release;
		};
		01D3F97620CD08A000130111 /* Build configuration list for PBXNativeTarget "MLKitDemoTests" */ = {
			isa = XCConfigurationList;
			buildConfigurations = (
				01D3F97720CD08A000130111 /* Debug */,
				01D3F97820CD08A000130111 /* Release */,
			);
			defaultConfigurationIsVisible = 0;
			defaultConfigurationName = Release;
		};
/* End XCConfigurationList section */
	};
	rootObject = 01D3F94E20CD089E00130111 /* Project object */;
}
